dependencies:
- name: minio
  repository: https://charts.bitnami.com/bitnami
  version: 14.8.1
- name: mongodb
  repository: https://charts.bitnami.com/bitnami
  version: 16.2.1
- name: nginx
  repository: https://charts.bitnami.com/bitnami
  version: 18.2.6
digest: sha256:ec1e6bddb3dfc76a4f425eb4906a59883e7c7019d8630643e2681ae5295259fe
generated: "2024-11-26T22:13:00.44571712Z"
