dependencies:
- name: minio
  repository: https://charts.bitnami.com/bitnami
  version: 14.7.1
- name: mongodb
  repository: https://charts.bitnami.com/bitnami
  version: 15.6.1
- name: nginx
  repository: https://charts.bitnami.com/bitnami
  version: 18.1.11
digest: sha256:bfe34fadd8d7d60e2ba7b7bd6975f9da1bfa475b558a9f1100553cb6b5a43a7f
generated: "2024-08-23T18:45:32.721993412Z"
